{"format_version":"1.2","terraform_version":"1.13.2","variables":{"cluster_name":{"value":"dev-gke-cluster"},"gcp_project_id":{"value":"fahimdoestech"},"node_count":{"value":1},"region":{"value":"us-central1"}},"planned_values":{"root_module":{"child_modules":[{"resources":[{"address":"module.gke_cluster.google_container_cluster.primary","mode":"managed","type":"google_container_cluster","name":"primary","provider_name":"registry.terraform.io/hashicorp/google","schema_version":1,"values":{"allow_net_admin":null,"binary_authorization":[],"description":null,"dns_config":[],"enable_autopilot":false,"enable_binary_authorization":false,"enable_k8s_beta_apis":[],"enable_kubernetes_alpha":false,"enable_l4_ilb_subsetting":false,"enable_legacy_abac":false,"enable_shielded_nodes":true,"enable_tpu":null,"initial_node_count":1,"location":"us-central1","maintenance_policy":[],"min_master_version":null,"name":"dev-gke-cluster","network":"default","network_policy":[],"private_cluster_config":[],"project":"fahimdoestech","release_channel":[{"channel":"REGULAR"}],"remove_default_node_pool":null,"resource_labels":null,"resource_usage_export_config":[],"timeouts":null},"sensitive_values":{"addons_config":[],"authenticator_groups_config":[],"binary_authorization":[],"cluster_autoscaling":[],"confidential_nodes":[],"cost_management_config":[],"database_encryption":[],"default_snat_status":[],"dns_config":[],"enable_k8s_beta_apis":[],"gateway_api_config":[],"ip_allocation_policy":[],"logging_config":[],"maintenance_policy":[],"master_auth":[],"master_authorized_networks_config":[],"mesh_certificates":[],"monitoring_config":[],"network_policy":[],"node_config":[],"node_locations":[],"node_pool":[],"node_pool_auto_config":[],"node_pool_defaults":[],"notification_config":[],"private_cluster_config":[],"release_channel":[{}],"resource_usage_export_config":[],"security_posture_config":[],"service_external_ips_config":[],"vertical_pod_autoscaling":[],"workload_identity_config":[]}},{"address":"module.gke_cluster.google_container_node_pool.primary_nodes","mode":"managed","type":"google_container_node_pool","name":"primary_nodes","provider_name":"registry.terraform.io/hashicorp/google","schema_version":1,"values":{"autoscaling":[],"cluster":"dev-gke-cluster","location":"us-central1","name":"default-node-pool","node_config":[{"advanced_machine_features":[],"boot_disk_kms_key":null,"ephemeral_storage_local_ssd_config":[],"fast_socket":[],"gcfs_config":[],"gvnic":[],"host_maintenance_policy":[],"kubelet_config":[],"linux_node_config":[],"local_nvme_ssd_block_config":[],"logging_variant":"DEFAULT","machine_type":"e2-small","node_group":null,"oauth_scopes":["https://www.googleapis.com/auth/cloud-platform"],"preemptible":false,"reservation_affinity":[],"resource_labels":null,"sole_tenant_config":[],"spot":false,"tags":null}],"node_count":1,"placement_policy":[],"project":"fahimdoestech","timeouts":null},"sensitive_values":{"autoscaling":[],"instance_group_urls":[],"managed_instance_group_urls":[],"management":[],"network_config":[],"node_config":[{"advanced_machine_features":[],"confidential_nodes":[],"ephemeral_storage_local_ssd_config":[],"fast_socket":[],"gcfs_config":[],"guest_accelerator":[],"gvnic":[],"host_maintenance_policy":[],"kubelet_config":[],"labels":{},"linux_node_config":[],"local_nvme_ssd_block_config":[],"metadata":{},"oauth_scopes":[false],"reservation_affinity":[],"shielded_instance_config":[],"sole_tenant_config":[],"taint":[],"workload_metadata_config":[]}],"node_locations":[],"placement_policy":[],"upgrade_settings":[]}}],"address":"module.gke_cluster"}]}},"resource_changes":[{"address":"module.gke_cluster.google_container_cluster.primary","module_address":"module.gke_cluster","mode":"managed","type":"google_container_cluster","name":"primary","provider_name":"registry.terraform.io/hashicorp/google","change":{"actions":["create"],"before":null,"after":{"allow_net_admin":null,"binary_authorization":[],"description":null,"dns_config":[],"enable_autopilot":false,"enable_binary_authorization":false,"enable_k8s_beta_apis":[],"enable_kubernetes_alpha":false,"enable_l4_ilb_subsetting":false,"enable_legacy_abac":false,"enable_shielded_nodes":true,"enable_tpu":null,"initial_node_count":1,"location":"us-central1","maintenance_policy":[],"min_master_version":null,"name":"dev-gke-cluster","network":"default","network_policy":[],"private_cluster_config":[],"project":"fahimdoestech","release_channel":[{"channel":"REGULAR"}],"remove_default_node_pool":null,"resource_labels":null,"resource_usage_export_config":[],"timeouts":null},"after_unknown":{"addons_config":true,"authenticator_groups_config":true,"binary_authorization":[],"cluster_autoscaling":true,"cluster_ipv4_cidr":true,"confidential_nodes":true,"cost_management_config":true,"database_encryption":true,"datapath_provider":true,"default_max_pods_per_node":true,"default_snat_status":true,"dns_config":[],"enable_intranode_visibility":true,"enable_k8s_beta_apis":[],"endpoint":true,"gateway_api_config":true,"id":true,"ip_allocation_policy":true,"label_fingerprint":true,"logging_config":true,"logging_service":true,"maintenance_policy":[],"master_auth":true,"master_authorized_networks_config":true,"master_version":true,"mesh_certificates":true,"monitoring_config":true,"monitoring_service":true,"network_policy":[],"networking_mode":true,"node_config":true,"node_locations":true,"node_pool":true,"node_pool_auto_config":true,"node_pool_defaults":true,"node_version":true,"notification_config":true,"operation":true,"private_cluster_config":[],"private_ipv6_google_access":true,"release_channel":[{}],"resource_usage_export_config":[],"security_posture_config":true,"self_link":true,"service_external_ips_config":true,"services_ipv4_cidr":true,"subnetwork":true,"tpu_ipv4_cidr_block":true,"vertical_pod_autoscaling":true,"workload_identity_config":true},"before_sensitive":false,"after_sensitive":{"addons_config":[],"authenticator_groups_config":[],"binary_authorization":[],"cluster_autoscaling":[],"confidential_nodes":[],"cost_management_config":[],"database_encryption":[],"default_snat_status":[],"dns_config":[],"enable_k8s_beta_apis":[],"gateway_api_config":[],"ip_allocation_policy":[],"logging_config":[],"maintenance_policy":[],"master_auth":[],"master_authorized_networks_config":[],"mesh_certificates":[],"monitoring_config":[],"network_policy":[],"node_config":[],"node_locations":[],"node_pool":[],"node_pool_auto_config":[],"node_pool_defaults":[],"notification_config":[],"private_cluster_config":[],"release_channel":[{}],"resource_usage_export_config":[],"security_posture_config":[],"service_external_ips_config":[],"vertical_pod_autoscaling":[],"workload_identity_config":[]}}},{"address":"module.gke_cluster.google_container_node_pool.primary_nodes","module_address":"module.gke_cluster","mode":"managed","type":"google_container_node_pool","name":"primary_nodes","provider_name":"registry.terraform.io/hashicorp/google","change":{"actions":["create"],"before":null,"after":{"autoscaling":[],"cluster":"dev-gke-cluster","location":"us-central1","name":"default-node-pool","node_config":[{"advanced_machine_features":[],"boot_disk_kms_key":null,"ephemeral_storage_local_ssd_config":[],"fast_socket":[],"gcfs_config":[],"gvnic":[],"host_maintenance_policy":[],"kubelet_config":[],"linux_node_config":[],"local_nvme_ssd_block_config":[],"logging_variant":"DEFAULT","machine_type":"e2-small","node_group":null,"oauth_scopes":["https://www.googleapis.com/auth/cloud-platform"],"preemptible":false,"reservation_affinity":[],"resource_labels":null,"sole_tenant_config":[],"spot":false,"tags":null}],"node_count":1,"placement_policy":[],"project":"fahimdoestech","timeouts":null},"after_unknown":{"autoscaling":[],"id":true,"initial_node_count":true,"instance_group_urls":true,"managed_instance_group_urls":true,"management":true,"max_pods_per_node":true,"name_prefix":true,"network_config":true,"node_config":[{"advanced_machine_features":[],"confidential_nodes":true,"disk_size_gb":true,"disk_type":true,"ephemeral_storage_local_ssd_config":[],"fast_socket":[],"gcfs_config":[],"guest_accelerator":true,"gvnic":[],"host_maintenance_policy":[],"image_type":true,"kubelet_config":[],"labels":true,"linux_node_config":[],"local_nvme_ssd_block_config":[],"local_ssd_count":true,"metadata":true,"min_cpu_platform":true,"oauth_scopes":[false],"reservation_affinity":[],"service_account":true,"shielded_instance_config":true,"sole_tenant_config":[],"taint":true,"workload_metadata_config":true}],"node_locations":true,"operation":true,"placement_policy":[],"upgrade_settings":true,"version":true},"before_sensitive":false,"after_sensitive":{"autoscaling":[],"instance_group_urls":[],"managed_instance_group_urls":[],"management":[],"network_config":[],"node_config":[{"advanced_machine_features":[],"confidential_nodes":[],"ephemeral_storage_local_ssd_config":[],"fast_socket":[],"gcfs_config":[],"guest_accelerator":[],"gvnic":[],"host_maintenance_policy":[],"kubelet_config":[],"labels":{},"linux_node_config":[],"local_nvme_ssd_block_config":[],"metadata":{},"oauth_scopes":[false],"reservation_affinity":[],"shielded_instance_config":[],"sole_tenant_config":[],"taint":[],"workload_metadata_config":[]}],"node_locations":[],"placement_policy":[],"upgrade_settings":[]}}}],"configuration":{"provider_config":{"google":{"name":"google","full_name":"registry.terraform.io/hashicorp/google","version_constraint":"~\u003e 4.0","expressions":{"project":{"references":["var.gcp_project_id"]},"region":{"references":["var.region"]}}}},"root_module":{"module_calls":{"gke_cluster":{"source":"../../modules/gke_cluster","expressions":{"cluster_name":{"references":["var.cluster_name"]},"location":{"references":["var.region"]},"node_count":{"references":["var.node_count"]},"project_id":{"references":["var.gcp_project_id"]}},"module":{"outputs":{"cluster_endpoint":{"expression":{"references":["google_container_cluster.primary.endpoint","google_container_cluster.primary"]},"description":"The endpoint for the GKE cluster"},"cluster_location":{"expression":{"references":["google_container_cluster.primary.location","google_container_cluster.primary"]},"description":"The location of the GKE cluster"},"cluster_name":{"expression":{"references":["google_container_cluster.primary.name","google_container_cluster.primary"]},"description":"The name of the GKE cluster"}},"resources":[{"address":"google_container_cluster.primary","mode":"managed","type":"google_container_cluster","name":"primary","provider_config_key":"google","expressions":{"enable_autopilot":{"constant_value":false},"initial_node_count":{"references":["var.node_count"]},"location":{"references":["var.location"]},"name":{"references":["var.cluster_name"]},"network":{"constant_value":"default"},"project":{"references":["var.project_id"]},"release_channel":[{"channel":{"constant_value":"REGULAR"}}]},"schema_version":1},{"address":"google_container_node_pool.primary_nodes","mode":"managed","type":"google_container_node_pool","name":"primary_nodes","provider_config_key":"google","expressions":{"cluster":{"references":["google_container_cluster.primary.name","google_container_cluster.primary"]},"location":{"references":["var.location"]},"name":{"constant_value":"default-node-pool"},"node_config":[{"machine_type":{"constant_value":"e2-small"},"oauth_scopes":{"constant_value":["https://www.googleapis.com/auth/cloud-platform"]}}],"node_count":{"references":["var.node_count"]},"project":{"references":["var.project_id"]}},"schema_version":1}],"variables":{"cluster_name":{"description":"The name for the GKE cluster."},"location":{"description":"The GCP region or zone for the cluster."},"node_count":{"default":1,"description":"The number of nodes per node pool."},"project_id":{"description":"The GCP project ID."}}}}},"variables":{"cluster_name":{"default":"dev-gke-cluster"},"gcp_project_id":{"default":"fahimdoestech"},"node_count":{"default":1},"region":{"default":"us-central1"}}}},"relevant_attributes":[{"resource":"module.gke_cluster.google_container_cluster.primary","attribute":["endpoint"]},{"resource":"module.gke_cluster.google_container_cluster.primary","attribute":["name"]},{"resource":"module.gke_cluster.google_container_cluster.primary","attribute":["location"]}],"timestamp":"2025-09-16T20:06:37Z","applyable":true,"complete":true,"errored":false}
